// !$*UTF8*$!
{
	archiveVersion = 1;
	classes = {
	};
	objectVersion = 51;
	objects = {

/* Begin PBXBuildFile section */
		62F612FD16150CDACE27C56A /* Pods_ControlDinero.framework in Frameworks */ = {isa = PBXBuildFile; fileRef = 9427642CFC7D8742D306AFC4 /* Pods_ControlDinero.framework */; };
		EF08226E2484976F003BA2B3 /* FocusLabelWhileKeyboard.swift in Sources */ = {isa = PBXBuildFile; fileRef = EF08226D2484976F003BA2B3 /* FocusLabelWhileKeyboard.swift */; };
		EF10720924F3666B00B8CE65 /* InfoPlist.strings in Resources */ = {isa = PBXBuildFile; fileRef = EF10720724F3666B00B8CE65 /* InfoPlist.strings */; };
		EF10720C24F36A4200B8CE65 /* Text.swift in Sources */ = {isa = PBXBuildFile; fileRef = EF10720B24F36A4200B8CE65 /* Text.swift */; };
		EF126CC224733DF600177691 /* UIButtonExtension.swift in Sources */ = {isa = PBXBuildFile; fileRef = EF126CC124733DF600177691 /* UIButtonExtension.swift */; };
		EF126CC42473700C00177691 /* QuincenasViewController.swift in Sources */ = {isa = PBXBuildFile; fileRef = EF126CC32473700C00177691 /* QuincenasViewController.swift */; };
		EF126CC62473701B00177691 /* GastosViewController.swift in Sources */ = {isa = PBXBuildFile; fileRef = EF126CC52473701B00177691 /* GastosViewController.swift */; };
		EF259D5F2472427F006F094A /* AppDelegate.swift in Sources */ = {isa = PBXBuildFile; fileRef = EF259D5E2472427F006F094A /* AppDelegate.swift */; };
		EF259D612472427F006F094A /* SceneDelegate.swift in Sources */ = {isa = PBXBuildFile; fileRef = EF259D602472427F006F094A /* SceneDelegate.swift */; };
		EF259D632472427F006F094A /* ViewController.swift in Sources */ = {isa = PBXBuildFile; fileRef = EF259D622472427F006F094A /* ViewController.swift */; };
		EF259D662472427F006F094A /* Main.storyboard in Resources */ = {isa = PBXBuildFile; fileRef = EF259D642472427F006F094A /* Main.storyboard */; };
		EF259D6824724280006F094A /* Assets.xcassets in Resources */ = {isa = PBXBuildFile; fileRef = EF259D6724724280006F094A /* Assets.xcassets */; };
		EF259D6B24724280006F094A /* LaunchScreen.storyboard in Resources */ = {isa = PBXBuildFile; fileRef = EF259D6924724280006F094A /* LaunchScreen.storyboard */; };
		EF2ACA0625240422009EF7BE /* Temporal.swift in Sources */ = {isa = PBXBuildFile; fileRef = EF2ACA0525240422009EF7BE /* Temporal.swift */; };
		EF34E21F248F42F800D275AA /* Animations.swift in Sources */ = {isa = PBXBuildFile; fileRef = EF34E21E248F42F800D275AA /* Animations.swift */; };
		EF34E221248F432600D275AA /* Animator.swift in Sources */ = {isa = PBXBuildFile; fileRef = EF34E220248F432600D275AA /* Animator.swift */; };
		EF438367247B2D5E0035AF11 /* Functions.swift in Sources */ = {isa = PBXBuildFile; fileRef = EF438366247B2D5E0035AF11 /* Functions.swift */; };
		EF51B7E424947B620017C1F3 /* CurrencyField.swift in Sources */ = {isa = PBXBuildFile; fileRef = EF51B7E324947B620017C1F3 /* CurrencyField.swift */; };
		EF5C6BF7247A3186004E293A /* Ingreso.swift in Sources */ = {isa = PBXBuildFile; fileRef = EF5C6BF6247A3186004E293A /* Ingreso.swift */; };
		EF5C6BF9247A3190004E293A /* Egreso.swift in Sources */ = {isa = PBXBuildFile; fileRef = EF5C6BF8247A3190004E293A /* Egreso.swift */; };
		EF5C6BFB247A31A5004E293A /* Total.swift in Sources */ = {isa = PBXBuildFile; fileRef = EF5C6BFA247A31A5004E293A /* Total.swift */; };
		EF5C6BFD247A34D0004E293A /* Model.swift in Sources */ = {isa = PBXBuildFile; fileRef = EF5C6BFC247A34D0004E293A /* Model.swift */; };
		EF950F61250F29ED00DB41FF /* Recordatorio.swift in Sources */ = {isa = PBXBuildFile; fileRef = EF950F60250F29ED00DB41FF /* Recordatorio.swift */; };
		EFA25FBC25073EAD00A4D510 /* NotificationReminder.swift in Sources */ = {isa = PBXBuildFile; fileRef = EFA25FBB25073EAD00A4D510 /* NotificationReminder.swift */; };
		EFA25FBE250885DB00A4D510 /* HoraNotificacionViewController.swift in Sources */ = {isa = PBXBuildFile; fileRef = EFA25FBD250885DB00A4D510 /* HoraNotificacionViewController.swift */; };
		EFC4F4BE24DA62C300314497 /* SettingsViewController.swift in Sources */ = {isa = PBXBuildFile; fileRef = EFC4F4BD24DA62C300314497 /* SettingsViewController.swift */; };
		EFE4D74D247494ED0042C9DC /* NuevoGastoViewController.swift in Sources */ = {isa = PBXBuildFile; fileRef = EFE4D74C247494ED0042C9DC /* NuevoGastoViewController.swift */; };
		EFE4D74F247495030042C9DC /* NuevaQuincenaViewController.swift in Sources */ = {isa = PBXBuildFile; fileRef = EFE4D74E247495030042C9DC /* NuevaQuincenaViewController.swift */; };
		EFE4D7512474CBF30042C9DC /* DetalleQuincenaViewController.swift in Sources */ = {isa = PBXBuildFile; fileRef = EFE4D7502474CBF30042C9DC /* DetalleQuincenaViewController.swift */; };
		EFE4D7532474D7E90042C9DC /* DetalleGastoViewController.swift in Sources */ = {isa = PBXBuildFile; fileRef = EFE4D7522474D7E90042C9DC /* DetalleGastoViewController.swift */; };
		EFFC6980249F04B700099E81 /* QuincenasGlobalViewController.swift in Sources */ = {isa = PBXBuildFile; fileRef = EFFC697F249F04B700099E81 /* QuincenasGlobalViewController.swift */; };
		EFFC6982249F04CA00099E81 /* GastosGlobalViewController.swift in Sources */ = {isa = PBXBuildFile; fileRef = EFFC6981249F04CA00099E81 /* GastosGlobalViewController.swift */; };
/* End PBXBuildFile section */

/* Begin PBXFileReference section */
		3CE9F6417491730115D721E3 /* Pods-ControlDinero.debug.xcconfig */ = {isa = PBXFileReference; includeInIndex = 1; lastKnownFileType = text.xcconfig; name = "Pods-ControlDinero.debug.xcconfig"; path = "Target Support Files/Pods-ControlDinero/Pods-ControlDinero.debug.xcconfig"; sourceTree = "<group>"; };
		41F933EE25986CA2DFFD6531 /* Pods-ControlDinero.release.xcconfig */ = {isa = PBXFileReference; includeInIndex = 1; lastKnownFileType = text.xcconfig; name = "Pods-ControlDinero.release.xcconfig"; path = "Target Support Files/Pods-ControlDinero/Pods-ControlDinero.release.xcconfig"; sourceTree = "<group>"; };
		9427642CFC7D8742D306AFC4 /* Pods_ControlDinero.framework */ = {isa = PBXFileReference; explicitFileType = wrapper.framework; includeInIndex = 0; path = Pods_ControlDinero.framework; sourceTree = BUILT_PRODUCTS_DIR; };
		EF08226D2484976F003BA2B3 /* FocusLabelWhileKeyboard.swift */ = {isa = PBXFileReference; lastKnownFileType = sourcecode.swift; path = FocusLabelWhileKeyboard.swift; sourceTree = "<group>"; };
		EF10720524F356FB00B8CE65 /* es */ = {isa = PBXFileReference; lastKnownFileType = text.plist.strings; name = es; path = es.lproj/LaunchScreen.strings; sourceTree = "<group>"; };
		EF10720624F356FB00B8CE65 /* es */ = {isa = PBXFileReference; lastKnownFileType = text.plist.strings; name = es; path = es.lproj/Main.strings; sourceTree = "<group>"; };
		EF10720824F3666B00B8CE65 /* Base */ = {isa = PBXFileReference; lastKnownFileType = text.plist.strings; name = Base; path = View/Home/Base.lproj/InfoPlist.strings; sourceTree = "<group>"; };
		EF10720A24F3668900B8CE65 /* es */ = {isa = PBXFileReference; lastKnownFileType = text.plist.strings; name = es; path = View/Home/es.lproj/InfoPlist.strings; sourceTree = "<group>"; };
		EF10720B24F36A4200B8CE65 /* Text.swift */ = {isa = PBXFileReference; lastKnownFileType = sourcecode.swift; path = Text.swift; sourceTree = "<group>"; };
		EF126CC124733DF600177691 /* UIButtonExtension.swift */ = {isa = PBXFileReference; lastKnownFileType = sourcecode.swift; path = UIButtonExtension.swift; sourceTree = "<group>"; };
		EF126CC32473700C00177691 /* QuincenasViewController.swift */ = {isa = PBXFileReference; lastKnownFileType = sourcecode.swift; path = QuincenasViewController.swift; sourceTree = "<group>"; };
		EF126CC52473701B00177691 /* GastosViewController.swift */ = {isa = PBXFileReference; lastKnownFileType = sourcecode.swift; path = GastosViewController.swift; sourceTree = "<group>"; };
		EF259D5B2472427F006F094A /* My Money.app */ = {isa = PBXFileReference; explicitFileType = wrapper.application; includeInIndex = 0; path = "My Money.app"; sourceTree = BUILT_PRODUCTS_DIR; };
		EF259D5E2472427F006F094A /* AppDelegate.swift */ = {isa = PBXFileReference; lastKnownFileType = sourcecode.swift; path = AppDelegate.swift; sourceTree = "<group>"; };
		EF259D602472427F006F094A /* SceneDelegate.swift */ = {isa = PBXFileReference; lastKnownFileType = sourcecode.swift; path = SceneDelegate.swift; sourceTree = "<group>"; };
		EF259D622472427F006F094A /* ViewController.swift */ = {isa = PBXFileReference; lastKnownFileType = sourcecode.swift; path = ViewController.swift; sourceTree = "<group>"; };
		EF259D652472427F006F094A /* Base */ = {isa = PBXFileReference; lastKnownFileType = file.storyboard; name = Base; path = Base.lproj/Main.storyboard; sourceTree = "<group>"; };
		EF259D6724724280006F094A /* Assets.xcassets */ = {isa = PBXFileReference; lastKnownFileType = folder.assetcatalog; path = Assets.xcassets; sourceTree = "<group>"; };
		EF259D6A24724280006F094A /* Base */ = {isa = PBXFileReference; lastKnownFileType = file.storyboard; name = Base; path = Base.lproj/LaunchScreen.storyboard; sourceTree = "<group>"; };
		EF259D6C24724280006F094A /* Info.plist */ = {isa = PBXFileReference; lastKnownFileType = text.plist.xml; name = Info.plist; path = "ControlDinero/Supporting Files/Info.plist"; sourceTree = SOURCE_ROOT; };
		EF2ACA0525240422009EF7BE /* Temporal.swift */ = {isa = PBXFileReference; lastKnownFileType = sourcecode.swift; path = Temporal.swift; sourceTree = "<group>"; };
		EF34E21E248F42F800D275AA /* Animations.swift */ = {isa = PBXFileReference; lastKnownFileType = sourcecode.swift; path = Animations.swift; sourceTree = "<group>"; };
		EF34E220248F432600D275AA /* Animator.swift */ = {isa = PBXFileReference; lastKnownFileType = sourcecode.swift; path = Animator.swift; sourceTree = "<group>"; };
		EF438366247B2D5E0035AF11 /* Functions.swift */ = {isa = PBXFileReference; lastKnownFileType = sourcecode.swift; path = Functions.swift; sourceTree = "<group>"; };
		EF51B7E324947B620017C1F3 /* CurrencyField.swift */ = {isa = PBXFileReference; lastKnownFileType = sourcecode.swift; path = CurrencyField.swift; sourceTree = "<group>"; };
		EF5C6BF6247A3186004E293A /* Ingreso.swift */ = {isa = PBXFileReference; lastKnownFileType = sourcecode.swift; path = Ingreso.swift; sourceTree = "<group>"; };
		EF5C6BF8247A3190004E293A /* Egreso.swift */ = {isa = PBXFileReference; lastKnownFileType = sourcecode.swift; path = Egreso.swift; sourceTree = "<group>"; };
		EF5C6BFA247A31A5004E293A /* Total.swift */ = {isa = PBXFileReference; lastKnownFileType = sourcecode.swift; path = Total.swift; sourceTree = "<group>"; };
		EF5C6BFC247A34D0004E293A /* Model.swift */ = {isa = PBXFileReference; lastKnownFileType = sourcecode.swift; path = Model.swift; sourceTree = "<group>"; };
		EF950F60250F29ED00DB41FF /* Recordatorio.swift */ = {isa = PBXFileReference; lastKnownFileType = sourcecode.swift; path = Recordatorio.swift; sourceTree = "<group>"; };
		EFA25FBB25073EAD00A4D510 /* NotificationReminder.swift */ = {isa = PBXFileReference; lastKnownFileType = sourcecode.swift; path = NotificationReminder.swift; sourceTree = "<group>"; };
		EFA25FBD250885DB00A4D510 /* HoraNotificacionViewController.swift */ = {isa = PBXFileReference; lastKnownFileType = sourcecode.swift; path = HoraNotificacionViewController.swift; sourceTree = "<group>"; };
		EFC4F4BD24DA62C300314497 /* SettingsViewController.swift */ = {isa = PBXFileReference; lastKnownFileType = sourcecode.swift; path = SettingsViewController.swift; sourceTree = "<group>"; };
		EFE4D74C247494ED0042C9DC /* NuevoGastoViewController.swift */ = {isa = PBXFileReference; lastKnownFileType = sourcecode.swift; path = NuevoGastoViewController.swift; sourceTree = "<group>"; };
		EFE4D74E247495030042C9DC /* NuevaQuincenaViewController.swift */ = {isa = PBXFileReference; lastKnownFileType = sourcecode.swift; path = NuevaQuincenaViewController.swift; sourceTree = "<group>"; };
		EFE4D7502474CBF30042C9DC /* DetalleQuincenaViewController.swift */ = {isa = PBXFileReference; lastKnownFileType = sourcecode.swift; path = DetalleQuincenaViewController.swift; sourceTree = "<group>"; };
		EFE4D7522474D7E90042C9DC /* DetalleGastoViewController.swift */ = {isa = PBXFileReference; lastKnownFileType = sourcecode.swift; path = DetalleGastoViewController.swift; sourceTree = "<group>"; };
		EFFC697F249F04B700099E81 /* QuincenasGlobalViewController.swift */ = {isa = PBXFileReference; lastKnownFileType = sourcecode.swift; path = QuincenasGlobalViewController.swift; sourceTree = "<group>"; };
		EFFC6981249F04CA00099E81 /* GastosGlobalViewController.swift */ = {isa = PBXFileReference; lastKnownFileType = sourcecode.swift; path = GastosGlobalViewController.swift; sourceTree = "<group>"; };
/* End PBXFileReference section */

/* Begin PBXFrameworksBuildPhase section */
		EF259D582472427F006F094A /* Frameworks */ = {
			isa = PBXFrameworksBuildPhase;
			buildActionMask = 2147483647;
			files = (
				62F612FD16150CDACE27C56A /* Pods_ControlDinero.framework in Frameworks */,
			);
			runOnlyForDeploymentPostprocessing = 0;
		};
/* End PBXFrameworksBuildPhase section */

/* Begin PBXGroup section */
		AF42C2087E75EF27D371FBFC /* Pods */ = {
			isa = PBXGroup;
			children = (
				3CE9F6417491730115D721E3 /* Pods-ControlDinero.debug.xcconfig */,
				41F933EE25986CA2DFFD6531 /* Pods-ControlDinero.release.xcconfig */,
			);
			path = Pods;
			sourceTree = "<group>";
		};
		D2BD9F722B61E61F02B07DD4 /* Frameworks */ = {
			isa = PBXGroup;
			children = (
				9427642CFC7D8742D306AFC4 /* Pods_ControlDinero.framework */,
			);
			name = Frameworks;
			sourceTree = "<group>";
		};
		EF259D522472427F006F094A = {
			isa = PBXGroup;
			children = (
				EF259D5D2472427F006F094A /* ControlDinero */,
				EF259D5C2472427F006F094A /* Products */,
				AF42C2087E75EF27D371FBFC /* Pods */,
				D2BD9F722B61E61F02B07DD4 /* Frameworks */,
			);
			sourceTree = "<group>";
		};
		EF259D5C2472427F006F094A /* Products */ = {
			isa = PBXGroup;
			children = (
				EF259D5B2472427F006F094A /* My Money.app */,
			);
			name = Products;
			sourceTree = "<group>";
		};
		EF259D5D2472427F006F094A /* ControlDinero */ = {
			isa = PBXGroup;
			children = (
				EF259D5E2472427F006F094A /* AppDelegate.swift */,
				EF314561247336FA0043B00D /* View */,
				EF3145622473370E0043B00D /* Controller */,
				EF314563247337240043B00D /* Model */,
				EF3145642473372B0043B00D /* Util */,
				EF259D722472430B006F094A /* Supporting Files */,
				EF259D602472427F006F094A /* SceneDelegate.swift */,
				EF259D6724724280006F094A /* Assets.xcassets */,
			);
			path = ControlDinero;
			sourceTree = "<group>";
		};
		EF259D722472430B006F094A /* Supporting Files */ = {
			isa = PBXGroup;
			children = (
				EF10720724F3666B00B8CE65 /* InfoPlist.strings */,
				EF259D6C24724280006F094A /* Info.plist */,
			);
			path = "Supporting Files";
			sourceTree = "<group>";
		};
		EF314561247336FA0043B00D /* View */ = {
			isa = PBXGroup;
			children = (
				EF314565247337AB0043B00D /* Launch */,
				EF314566247337B50043B00D /* Home */,
			);
			path = View;
			sourceTree = "<group>";
		};
		EF3145622473370E0043B00D /* Controller */ = {
			isa = PBXGroup;
			children = (
				EFC4F4BC24DA629600314497 /* Settings */,
				EF314567247338240043B00D /* Home */,
				EFFC697D249F042700099E81 /* Ingresos */,
				EFFC697E249F044200099E81 /* Egresos */,
			);
			path = Controller;
			sourceTree = "<group>";
		};
		EF314563247337240043B00D /* Model */ = {
			isa = PBXGroup;
			children = (
				EF5C6BF6247A3186004E293A /* Ingreso.swift */,
				EF5C6BF8247A3190004E293A /* Egreso.swift */,
				EF5C6BFA247A31A5004E293A /* Total.swift */,
				EF5C6BFC247A34D0004E293A /* Model.swift */,
				EF950F60250F29ED00DB41FF /* Recordatorio.swift */,
			);
			path = Model;
			sourceTree = "<group>";
		};
		EF3145642473372B0043B00D /* Util */ = {
			isa = PBXGroup;
			children = (
				EF126CC124733DF600177691 /* UIButtonExtension.swift */,
				EF438366247B2D5E0035AF11 /* Functions.swift */,
				EF08226D2484976F003BA2B3 /* FocusLabelWhileKeyboard.swift */,
				EF34E21E248F42F800D275AA /* Animations.swift */,
				EF34E220248F432600D275AA /* Animator.swift */,
				EF51B7E324947B620017C1F3 /* CurrencyField.swift */,
				EF10720B24F36A4200B8CE65 /* Text.swift */,
				EFA25FBB25073EAD00A4D510 /* NotificationReminder.swift */,
			);
			path = Util;
			sourceTree = "<group>";
		};
		EF314565247337AB0043B00D /* Launch */ = {
			isa = PBXGroup;
			children = (
				EF259D6924724280006F094A /* LaunchScreen.storyboard */,
			);
			path = Launch;
			sourceTree = "<group>";
		};
		EF314566247337B50043B00D /* Home */ = {
			isa = PBXGroup;
			children = (
				EF259D642472427F006F094A /* Main.storyboard */,
			);
			path = Home;
			sourceTree = "<group>";
		};
		EF314567247338240043B00D /* Home */ = {
			isa = PBXGroup;
			children = (
				EF259D622472427F006F094A /* ViewController.swift */,
			);
			path = Home;
			sourceTree = "<group>";
		};
		EFC4F4BC24DA629600314497 /* Settings */ = {
			isa = PBXGroup;
			children = (
				EFC4F4BD24DA62C300314497 /* SettingsViewController.swift */,
				EFA25FBD250885DB00A4D510 /* HoraNotificacionViewController.swift */,
			);
			path = Settings;
			sourceTree = "<group>";
		};
		EFFC697D249F042700099E81 /* Ingresos */ = {
			isa = PBXGroup;
			children = (
				EF126CC32473700C00177691 /* QuincenasViewController.swift */,
				EFE4D74E247495030042C9DC /* NuevaQuincenaViewController.swift */,
				EFE4D7502474CBF30042C9DC /* DetalleQuincenaViewController.swift */,
				EFFC697F249F04B700099E81 /* QuincenasGlobalViewController.swift */,
			);
			path = Ingresos;
			sourceTree = "<group>";
		};
		EFFC697E249F044200099E81 /* Egresos */ = {
			isa = PBXGroup;
			children = (
				EF126CC52473701B00177691 /* GastosViewController.swift */,
				EFE4D74C247494ED0042C9DC /* NuevoGastoViewController.swift */,
				EFE4D7522474D7E90042C9DC /* DetalleGastoViewController.swift */,
				EFFC6981249F04CA00099E81 /* GastosGlobalViewController.swift */,
				EF2ACA0525240422009EF7BE /* Temporal.swift */,
			);
			path = Egresos;
			sourceTree = "<group>";
		};
/* End PBXGroup section */

/* Begin PBXNativeTarget section */
		EF259D5A2472427F006F094A /* ControlDinero */ = {
			isa = PBXNativeTarget;
			buildConfigurationList = EF259D6F24724280006F094A /* Build configuration list for PBXNativeTarget "ControlDinero" */;
			buildPhases = (
				6BAABD5DAFD18E703B0BEE67 /* [CP] Check Pods Manifest.lock */,
				EF259D572472427F006F094A /* Sources */,
				EF259D582472427F006F094A /* Frameworks */,
				EF259D592472427F006F094A /* Resources */,
				A6BAECA1E4AA5AF7169E4740 /* [CP] Embed Pods Frameworks */,
			);
			buildRules = (
			);
			dependencies = (
			);
			name = ControlDinero;
			productName = ControlDinero;
			productReference = EF259D5B2472427F006F094A /* My Money.app */;
			productType = "com.apple.product-type.application";
		};
/* End PBXNativeTarget section */

/* Begin PBXProject section */
		EF259D532472427F006F094A /* Project object */ = {
			isa = PBXProject;
			attributes = {
				LastSwiftUpdateCheck = 1140;
				LastUpgradeCheck = 1200;
				ORGANIZATIONNAME = "Tony Vazgar";
				TargetAttributes = {
					EF259D5A2472427F006F094A = {
						CreatedOnToolsVersion = 11.4.1;
					};
				};
			};
			buildConfigurationList = EF259D562472427F006F094A /* Build configuration list for PBXProject "ControlDinero" */;
			compatibilityVersion = "Xcode 9.3";
			developmentRegion = en;
			hasScannedForEncodings = 0;
			knownRegions = (
				en,
				Base,
				es,
			);
			mainGroup = EF259D522472427F006F094A;
			productRefGroup = EF259D5C2472427F006F094A /* Products */;
			projectDirPath = "";
			projectRoot = "";
			targets = (
				EF259D5A2472427F006F094A /* ControlDinero */,
			);
		};
/* End PBXProject section */

/* Begin PBXResourcesBuildPhase section */
		EF259D592472427F006F094A /* Resources */ = {
			isa = PBXResourcesBuildPhase;
			buildActionMask = 2147483647;
			files = (
				EF259D6B24724280006F094A /* LaunchScreen.storyboard in Resources */,
				EF10720924F3666B00B8CE65 /* InfoPlist.strings in Resources */,
				EF259D6824724280006F094A /* Assets.xcassets in Resources */,
				EF259D662472427F006F094A /* Main.storyboard in Resources */,
			);
			runOnlyForDeploymentPostprocessing = 0;
		};
/* End PBXResourcesBuildPhase section */

/* Begin PBXShellScriptBuildPhase section */
		6BAABD5DAFD18E703B0BEE67 /* [CP] Check Pods Manifest.lock */ = {
			isa = PBXShellScriptBuildPhase;
			buildActionMask = 2147483647;
			files = (
			);
			inputFileListPaths = (
			);
			inputPaths = (
				"${PODS_PODFILE_DIR_PATH}/Podfile.lock",
				"${PODS_ROOT}/Manifest.lock",
			);
			name = "[CP] Check Pods Manifest.lock";
			outputFileListPaths = (
			);
			outputPaths = (
				"$(DERIVED_FILE_DIR)/Pods-ControlDinero-checkManifestLockResult.txt",
			);
			runOnlyForDeploymentPostprocessing = 0;
			shellPath = /bin/sh;
			shellScript = "diff \"${PODS_PODFILE_DIR_PATH}/Podfile.lock\" \"${PODS_ROOT}/Manifest.lock\" > /dev/null\nif [ $? != 0 ] ; then\n    # print error to STDERR\n    echo \"error: The sandbox is not in sync with the Podfile.lock. Run 'pod install' or update your CocoaPods installation.\" >&2\n    exit 1\nfi\n# This output is used by Xcode 'outputs' to avoid re-running this script phase.\necho \"SUCCESS\" > \"${SCRIPT_OUTPUT_FILE_0}\"\n";
			showEnvVarsInLog = 0;
		};
		A6BAECA1E4AA5AF7169E4740 /* [CP] Embed Pods Frameworks */ = {
			isa = PBXShellScriptBuildPhase;
			buildActionMask = 2147483647;
			files = (
			);
			inputFileListPaths = (
				"${PODS_ROOT}/Target Support Files/Pods-ControlDinero/Pods-ControlDinero-frameworks-${CONFIGURATION}-input-files.xcfilelist",
			);
			name = "[CP] Embed Pods Frameworks";
			outputFileListPaths = (
				"${PODS_ROOT}/Target Support Files/Pods-ControlDinero/Pods-ControlDinero-frameworks-${CONFIGURATION}-output-files.xcfilelist",
			);
			runOnlyForDeploymentPostprocessing = 0;
			shellPath = /bin/sh;
			shellScript = "\"${PODS_ROOT}/Target Support Files/Pods-ControlDinero/Pods-ControlDinero-frameworks.sh\"\n";
			showEnvVarsInLog = 0;
		};
/* End PBXShellScriptBuildPhase section */

/* Begin PBXSourcesBuildPhase section */
		EF259D572472427F006F094A /* Sources */ = {
			isa = PBXSourcesBuildPhase;
			buildActionMask = 2147483647;
			files = (
				EF5C6BF9247A3190004E293A /* Egreso.swift in Sources */,
				EFE4D74D247494ED0042C9DC /* NuevoGastoViewController.swift in Sources */,
				EF34E21F248F42F800D275AA /* Animations.swift in Sources */,
				EF08226E2484976F003BA2B3 /* FocusLabelWhileKeyboard.swift in Sources */,
				EFA25FBE250885DB00A4D510 /* HoraNotificacionViewController.swift in Sources */,
				EFE4D7512474CBF30042C9DC /* DetalleQuincenaViewController.swift in Sources */,
				EF5C6BF7247A3186004E293A /* Ingreso.swift in Sources */,
				EFA25FBC25073EAD00A4D510 /* NotificationReminder.swift in Sources */,
				EF51B7E424947B620017C1F3 /* CurrencyField.swift in Sources */,
				EF34E221248F432600D275AA /* Animator.swift in Sources */,
				EF5C6BFB247A31A5004E293A /* Total.swift in Sources */,
				EF259D632472427F006F094A /* ViewController.swift in Sources */,
				EFE4D74F247495030042C9DC /* NuevaQuincenaViewController.swift in Sources */,
				EF2ACA0625240422009EF7BE /* Temporal.swift in Sources */,
				EFFC6982249F04CA00099E81 /* GastosGlobalViewController.swift in Sources */,
				EF5C6BFD247A34D0004E293A /* Model.swift in Sources */,
				EF10720C24F36A4200B8CE65 /* Text.swift in Sources */,
				EFC4F4BE24DA62C300314497 /* SettingsViewController.swift in Sources */,
				EF438367247B2D5E0035AF11 /* Functions.swift in Sources */,
				EFFC6980249F04B700099E81 /* QuincenasGlobalViewController.swift in Sources */,
				EFE4D7532474D7E90042C9DC /* DetalleGastoViewController.swift in Sources */,
				EF126CC62473701B00177691 /* GastosViewController.swift in Sources */,
				EF126CC224733DF600177691 /* UIButtonExtension.swift in Sources */,
				EF259D5F2472427F006F094A /* AppDelegate.swift in Sources */,
				EF259D612472427F006F094A /* SceneDelegate.swift in Sources */,
				EF950F61250F29ED00DB41FF /* Recordatorio.swift in Sources */,
				EF126CC42473700C00177691 /* QuincenasViewController.swift in Sources */,
			);
			runOnlyForDeploymentPostprocessing = 0;
		};
/* End PBXSourcesBuildPhase section */

/* Begin PBXVariantGroup section */
		EF10720724F3666B00B8CE65 /* InfoPlist.strings */ = {
			isa = PBXVariantGroup;
			children = (
				EF10720824F3666B00B8CE65 /* Base */,
				EF10720A24F3668900B8CE65 /* es */,
			);
			name = InfoPlist.strings;
			sourceTree = "<group>";
		};
		EF259D642472427F006F094A /* Main.storyboard */ = {
			isa = PBXVariantGroup;
			children = (
				EF259D652472427F006F094A /* Base */,
				EF10720624F356FB00B8CE65 /* es */,
			);
			name = Main.storyboard;
			sourceTree = "<group>";
		};
		EF259D6924724280006F094A /* LaunchScreen.storyboard */ = {
			isa = PBXVariantGroup;
			children = (
				EF259D6A24724280006F094A /* Base */,
				EF10720524F356FB00B8CE65 /* es */,
			);
			name = LaunchScreen.storyboard;
			sourceTree = "<group>";
		};
/* End PBXVariantGroup section */

/* Begin XCBuildConfiguration section */
		EF259D6D24724280006F094A /* Debug */ = {
			isa = XCBuildConfiguration;
			buildSettings = {
				ALWAYS_SEARCH_USER_PATHS = NO;
				CLANG_ANALYZER_LOCALIZABILITY_NONLOCALIZED = YES;
				CLANG_ANALYZER_NONNULL = YES;
				CLANG_ANALYZER_NUMBER_OBJECT_CONVERSION = YES_AGGRESSIVE;
				CLANG_CXX_LANGUAGE_STANDARD = "gnu++14";
				CLANG_CXX_LIBRARY = "libc++";
				CLANG_ENABLE_MODULES = YES;
				CLANG_ENABLE_OBJC_ARC = YES;
				CLANG_ENABLE_OBJC_WEAK = YES;
				CLANG_WARN_BLOCK_CAPTURE_AUTORELEASING = YES;
				CLANG_WARN_BOOL_CONVERSION = YES;
				CLANG_WARN_COMMA = YES;
				CLANG_WARN_CONSTANT_CONVERSION = YES;
				CLANG_WARN_DEPRECATED_OBJC_IMPLEMENTATIONS = YES;
				CLANG_WARN_DIRECT_OBJC_ISA_USAGE = YES_ERROR;
				CLANG_WARN_DOCUMENTATION_COMMENTS = YES;
				CLANG_WARN_EMPTY_BODY = YES;
				CLANG_WARN_ENUM_CONVERSION = YES;
				CLANG_WARN_INFINITE_RECURSION = YES;
				CLANG_WARN_INT_CONVERSION = YES;
				CLANG_WARN_NON_LITERAL_NULL_CONVERSION = YES;
				CLANG_WARN_OBJC_IMPLICIT_RETAIN_SELF = YES;
				CLANG_WARN_OBJC_LITERAL_CONVERSION = YES;
				CLANG_WARN_OBJC_ROOT_CLASS = YES_ERROR;
				CLANG_WARN_QUOTED_INCLUDE_IN_FRAMEWORK_HEADER = YES;
				CLANG_WARN_RANGE_LOOP_ANALYSIS = YES;
				CLANG_WARN_STRICT_PROTOTYPES = YES;
				CLANG_WARN_SUSPICIOUS_MOVE = YES;
				CLANG_WARN_UNGUARDED_AVAILABILITY = YES_AGGRESSIVE;
				CLANG_WARN_UNREACHABLE_CODE = YES;
				CLANG_WARN__DUPLICATE_METHOD_MATCH = YES;
				COPY_PHASE_STRIP = NO;
				DEBUG_INFORMATION_FORMAT = dwarf;
				ENABLE_STRICT_OBJC_MSGSEND = YES;
				ENABLE_TESTABILITY = YES;
				GCC_C_LANGUAGE_STANDARD = gnu11;
				GCC_DYNAMIC_NO_PIC = NO;
				GCC_NO_COMMON_BLOCKS = YES;
				GCC_OPTIMIZATION_LEVEL = 0;
				GCC_PREPROCESSOR_DEFINITIONS = (
					"DEBUG=1",
					"$(inherited)",
				);
				GCC_WARN_64_TO_32_BIT_CONVERSION = YES;
				GCC_WARN_ABOUT_RETURN_TYPE = YES_ERROR;
				GCC_WARN_UNDECLARED_SELECTOR = YES;
				GCC_WARN_UNINITIALIZED_AUTOS = YES_AGGRESSIVE;
				GCC_WARN_UNUSED_FUNCTION = YES;
				GCC_WARN_UNUSED_VARIABLE = YES;
				IPHONEOS_DEPLOYMENT_TARGET = 13.4;
				MTL_ENABLE_DEBUG_INFO = INCLUDE_SOURCE;
				MTL_FAST_MATH = YES;
				ONLY_ACTIVE_ARCH = YES;
				SDKROOT = iphoneos;
				SWIFT_ACTIVE_COMPILATION_CONDITIONS = DEBUG;
				SWIFT_OPTIMIZATION_LEVEL = "-Onone";
			};
			name = Debug;
		};
		EF259D6E24724280006F094A /* Release */ = {
			isa = XCBuildConfiguration;
			buildSettings = {
				ALWAYS_SEARCH_USER_PATHS = NO;
				CLANG_ANALYZER_LOCALIZABILITY_NONLOCALIZED = YES;
				CLANG_ANALYZER_NONNULL = YES;
				CLANG_ANALYZER_NUMBER_OBJECT_CONVERSION = YES_AGGRESSIVE;
				CLANG_CXX_LANGUAGE_STANDARD = "gnu++14";
				CLANG_CXX_LIBRARY = "libc++";
				CLANG_ENABLE_MODULES = YES;
				CLANG_ENABLE_OBJC_ARC = YES;
				CLANG_ENABLE_OBJC_WEAK = YES;
				CLANG_WARN_BLOCK_CAPTURE_AUTORELEASING = YES;
				CLANG_WARN_BOOL_CONVERSION = YES;
				CLANG_WARN_COMMA = YES;
				CLANG_WARN_CONSTANT_CONVERSION = YES;
				CLANG_WARN_DEPRECATED_OBJC_IMPLEMENTATIONS = YES;
				CLANG_WARN_DIRECT_OBJC_ISA_USAGE = YES_ERROR;
				CLANG_WARN_DOCUMENTATION_COMMENTS = YES;
				CLANG_WARN_EMPTY_BODY = YES;
				CLANG_WARN_ENUM_CONVERSION = YES;
				CLANG_WARN_INFINITE_RECURSION = YES;
				CLANG_WARN_INT_CONVERSION = YES;
				CLANG_WARN_NON_LITERAL_NULL_CONVERSION = YES;
				CLANG_WARN_OBJC_IMPLICIT_RETAIN_SELF = YES;
				CLANG_WARN_OBJC_LITERAL_CONVERSION = YES;
				CLANG_WARN_OBJC_ROOT_CLASS = YES_ERROR;
				CLANG_WARN_QUOTED_INCLUDE_IN_FRAMEWORK_HEADER = YES;
				CLANG_WARN_RANGE_LOOP_ANALYSIS = YES;
				CLANG_WARN_STRICT_PROTOTYPES = YES;
				CLANG_WARN_SUSPICIOUS_MOVE = YES;
				CLANG_WARN_UNGUARDED_AVAILABILITY = YES_AGGRESSIVE;
				CLANG_WARN_UNREACHABLE_CODE = YES;
				CLANG_WARN__DUPLICATE_METHOD_MATCH = YES;
				COPY_PHASE_STRIP = NO;
				DEBUG_INFORMATION_FORMAT = "dwarf-with-dsym";
				ENABLE_NS_ASSERTIONS = NO;
				ENABLE_STRICT_OBJC_MSGSEND = YES;
				GCC_C_LANGUAGE_STANDARD = gnu11;
				GCC_NO_COMMON_BLOCKS = YES;
				GCC_WARN_64_TO_32_BIT_CONVERSION = YES;
				GCC_WARN_ABOUT_RETURN_TYPE = YES_ERROR;
				GCC_WARN_UNDECLARED_SELECTOR = YES;
				GCC_WARN_UNINITIALIZED_AUTOS = YES_AGGRESSIVE;
				GCC_WARN_UNUSED_FUNCTION = YES;
				GCC_WARN_UNUSED_VARIABLE = YES;
				IPHONEOS_DEPLOYMENT_TARGET = 13.4;
				MTL_ENABLE_DEBUG_INFO = NO;
				MTL_FAST_MATH = YES;
				SDKROOT = iphoneos;
				SWIFT_COMPILATION_MODE = wholemodule;
				SWIFT_OPTIMIZATION_LEVEL = "-O";
				VALIDATE_PRODUCT = YES;
			};
			name = Release;
		};
		EF259D7024724280006F094A /* Debug */ = {
			isa = XCBuildConfiguration;
			baseConfigurationReference = 3CE9F6417491730115D721E3 /* Pods-ControlDinero.debug.xcconfig */;
			buildSettings = {
				ASSETCATALOG_COMPILER_APPICON_NAME = AppIcon;
				CODE_SIGN_STYLE = Automatic;
				CURRENT_PROJECT_VERSION = 6;
				DEVELOPMENT_TEAM = UC654Y56KK;
				INFOPLIST_FILE = "ControlDinero/Supporting Files/Info.plist";
				IPHONEOS_DEPLOYMENT_TARGET = 13.0;
				LD_RUNPATH_SEARCH_PATHS = (
					"$(inherited)",
					"@executable_path/Frameworks",
				);
				MARKETING_VERSION = 1.2.1;
				PRODUCT_BUNDLE_IDENTIFIER = com.ControlDinero;
				PRODUCT_NAME = "My Money";
				SWIFT_VERSION = 5.0;
				TARGETED_DEVICE_FAMILY = "1,2";
			};
			name = Debug;
		};
		EF259D7124724280006F094A /* Release */ = {
			isa = XCBuildConfiguration;
			baseConfigurationReference = 41F933EE25986CA2DFFD6531 /* Pods-ControlDinero.release.xcconfig */;
			buildSettings = {
				ASSETCATALOG_COMPILER_APPICON_NAME = AppIcon;
				CODE_SIGN_STYLE = Automatic;
				CURRENT_PROJECT_VERSION = 6;
				DEVELOPMENT_TEAM = UC654Y56KK;
				INFOPLIST_FILE = "ControlDinero/Supporting Files/Info.plist";
				IPHONEOS_DEPLOYMENT_TARGET = 13.0;
				LD_RUNPATH_SEARCH_PATHS = (
					"$(inherited)",
					"@executable_path/Frameworks",
				);
				MARKETING_VERSION = 1.2.1;
				PRODUCT_BUNDLE_IDENTIFIER = com.ControlDinero;
				PRODUCT_NAME = "My Money";
				SWIFT_VERSION = 5.0;
				TARGETED_DEVICE_FAMILY = "1,2";
			};
			name = Release;
		};
/* End XCBuildConfiguration section */

/* Begin XCConfigurationList section */
		EF259D562472427F006F094A /* Build configuration list for PBXProject "ControlDinero" */ = {
			isa = XCConfigurationList;
			buildConfigurations = (
				EF259D6D24724280006F094A /* Debug */,
				EF259D6E24724280006F094A /* Release */,
			);
			defaultConfigurationIsVisible = 0;
			defaultConfigurationName = Release;
		};
		EF259D6F24724280006F094A /* Build configuration list for PBXNativeTarget "ControlDinero" */ = {
			isa = XCConfigurationList;
			buildConfigurations = (
				EF259D7024724280006F094A /* Debug */,
				EF259D7124724280006F094A /* Release */,
			);
			defaultConfigurationIsVisible = 0;
			defaultConfigurationName = Release;
		};
/* End XCConfigurationList section */
	};
	rootObject = EF259D532472427F006F094A /* Project object */;
}
