// !$*UTF8*$!
{
	archiveVersion = 1;
	classes = {
	};
	objectVersion = 50;
	objects = {

/* Begin PBXBuildFile section */
		EF08226E2484976F003BA2B3 /* FocusLabelWhileKeyboard.swift in Sources */ = {isa = PBXBuildFile; fileRef = EF08226D2484976F003BA2B3 /* FocusLabelWhileKeyboard.swift */; };
		EF126CC224733DF600177691 /* UIButtonExtension.swift in Sources */ = {isa = PBXBuildFile; fileRef = EF126CC124733DF600177691 /* UIButtonExtension.swift */; };
		EF126CC42473700C00177691 /* QuincenasViewController.swift in Sources */ = {isa = PBXBuildFile; fileRef = EF126CC32473700C00177691 /* QuincenasViewController.swift */; };
		EF126CC62473701B00177691 /* GastosViewController.swift in Sources */ = {isa = PBXBuildFile; fileRef = EF126CC52473701B00177691 /* GastosViewController.swift */; };
		EF259D5F2472427F006F094A /* AppDelegate.swift in Sources */ = {isa = PBXBuildFile; fileRef = EF259D5E2472427F006F094A /* AppDelegate.swift */; };
		EF259D612472427F006F094A /* SceneDelegate.swift in Sources */ = {isa = PBXBuildFile; fileRef = EF259D602472427F006F094A /* SceneDelegate.swift */; };
		EF259D632472427F006F094A /* ViewController.swift in Sources */ = {isa = PBXBuildFile; fileRef = EF259D622472427F006F094A /* ViewController.swift */; };
		EF259D662472427F006F094A /* Main.storyboard in Resources */ = {isa = PBXBuildFile; fileRef = EF259D642472427F006F094A /* Main.storyboard */; };
		EF259D6824724280006F094A /* Assets.xcassets in Resources */ = {isa = PBXBuildFile; fileRef = EF259D6724724280006F094A /* Assets.xcassets */; };
		EF259D6B24724280006F094A /* LaunchScreen.storyboard in Resources */ = {isa = PBXBuildFile; fileRef = EF259D6924724280006F094A /* LaunchScreen.storyboard */; };
		EF438367247B2D5E0035AF11 /* Functions.swift in Sources */ = {isa = PBXBuildFile; fileRef = EF438366247B2D5E0035AF11 /* Functions.swift */; };
		EF5C6BF7247A3186004E293A /* Ingreso.swift in Sources */ = {isa = PBXBuildFile; fileRef = EF5C6BF6247A3186004E293A /* Ingreso.swift */; };
		EF5C6BF9247A3190004E293A /* Egreso.swift in Sources */ = {isa = PBXBuildFile; fileRef = EF5C6BF8247A3190004E293A /* Egreso.swift */; };
		EF5C6BFB247A31A5004E293A /* Total.swift in Sources */ = {isa = PBXBuildFile; fileRef = EF5C6BFA247A31A5004E293A /* Total.swift */; };
		EF5C6BFD247A34D0004E293A /* Model.swift in Sources */ = {isa = PBXBuildFile; fileRef = EF5C6BFC247A34D0004E293A /* Model.swift */; };
		EFE4D74D247494ED0042C9DC /* NuevoGastoViewController.swift in Sources */ = {isa = PBXBuildFile; fileRef = EFE4D74C247494ED0042C9DC /* NuevoGastoViewController.swift */; };
		EFE4D74F247495030042C9DC /* NuevaQuincenaViewController.swift in Sources */ = {isa = PBXBuildFile; fileRef = EFE4D74E247495030042C9DC /* NuevaQuincenaViewController.swift */; };
		EFE4D7512474CBF30042C9DC /* DetalleQuincenaViewController.swift in Sources */ = {isa = PBXBuildFile; fileRef = EFE4D7502474CBF30042C9DC /* DetalleQuincenaViewController.swift */; };
		EFE4D7532474D7E90042C9DC /* DetalleGastoViewController.swift in Sources */ = {isa = PBXBuildFile; fileRef = EFE4D7522474D7E90042C9DC /* DetalleGastoViewController.swift */; };
/* End PBXBuildFile section */

/* Begin PBXFileReference section */
		EF08226D2484976F003BA2B3 /* FocusLabelWhileKeyboard.swift */ = {isa = PBXFileReference; lastKnownFileType = sourcecode.swift; path = FocusLabelWhileKeyboard.swift; sourceTree = "<group>"; };
		EF126CC124733DF600177691 /* UIButtonExtension.swift */ = {isa = PBXFileReference; lastKnownFileType = sourcecode.swift; path = UIButtonExtension.swift; sourceTree = "<group>"; };
		EF126CC32473700C00177691 /* QuincenasViewController.swift */ = {isa = PBXFileReference; lastKnownFileType = sourcecode.swift; path = QuincenasViewController.swift; sourceTree = "<group>"; };
		EF126CC52473701B00177691 /* GastosViewController.swift */ = {isa = PBXFileReference; lastKnownFileType = sourcecode.swift; path = GastosViewController.swift; sourceTree = "<group>"; };
		EF259D5B2472427F006F094A /* ControlDinero.app */ = {isa = PBXFileReference; explicitFileType = wrapper.application; includeInIndex = 0; path = ControlDinero.app; sourceTree = BUILT_PRODUCTS_DIR; };
		EF259D5E2472427F006F094A /* AppDelegate.swift */ = {isa = PBXFileReference; lastKnownFileType = sourcecode.swift; path = AppDelegate.swift; sourceTree = "<group>"; };
		EF259D602472427F006F094A /* SceneDelegate.swift */ = {isa = PBXFileReference; lastKnownFileType = sourcecode.swift; path = SceneDelegate.swift; sourceTree = "<group>"; };
		EF259D622472427F006F094A /* ViewController.swift */ = {isa = PBXFileReference; lastKnownFileType = sourcecode.swift; path = ViewController.swift; sourceTree = "<group>"; };
		EF259D652472427F006F094A /* Base */ = {isa = PBXFileReference; lastKnownFileType = file.storyboard; name = Base; path = Base.lproj/Main.storyboard; sourceTree = "<group>"; };
		EF259D6724724280006F094A /* Assets.xcassets */ = {isa = PBXFileReference; lastKnownFileType = folder.assetcatalog; path = Assets.xcassets; sourceTree = "<group>"; };
		EF259D6A24724280006F094A /* Base */ = {isa = PBXFileReference; lastKnownFileType = file.storyboard; name = Base; path = Base.lproj/LaunchScreen.storyboard; sourceTree = "<group>"; };
		EF259D6C24724280006F094A /* Info.plist */ = {isa = PBXFileReference; lastKnownFileType = text.plist.xml; name = Info.plist; path = ../Info.plist; sourceTree = "<group>"; };
		EF438366247B2D5E0035AF11 /* Functions.swift */ = {isa = PBXFileReference; lastKnownFileType = sourcecode.swift; path = Functions.swift; sourceTree = "<group>"; };
		EF5C6BF6247A3186004E293A /* Ingreso.swift */ = {isa = PBXFileReference; lastKnownFileType = sourcecode.swift; path = Ingreso.swift; sourceTree = "<group>"; };
		EF5C6BF8247A3190004E293A /* Egreso.swift */ = {isa = PBXFileReference; lastKnownFileType = sourcecode.swift; path = Egreso.swift; sourceTree = "<group>"; };
		EF5C6BFA247A31A5004E293A /* Total.swift */ = {isa = PBXFileReference; lastKnownFileType = sourcecode.swift; path = Total.swift; sourceTree = "<group>"; };
		EF5C6BFC247A34D0004E293A /* Model.swift */ = {isa = PBXFileReference; lastKnownFileType = sourcecode.swift; path = Model.swift; sourceTree = "<group>"; };
		EFE4D74C247494ED0042C9DC /* NuevoGastoViewController.swift */ = {isa = PBXFileReference; lastKnownFileType = sourcecode.swift; path = NuevoGastoViewController.swift; sourceTree = "<group>"; };
		EFE4D74E247495030042C9DC /* NuevaQuincenaViewController.swift */ = {isa = PBXFileReference; lastKnownFileType = sourcecode.swift; path = NuevaQuincenaViewController.swift; sourceTree = "<group>"; };
		EFE4D7502474CBF30042C9DC /* DetalleQuincenaViewController.swift */ = {isa = PBXFileReference; lastKnownFileType = sourcecode.swift; path = DetalleQuincenaViewController.swift; sourceTree = "<group>"; };
		EFE4D7522474D7E90042C9DC /* DetalleGastoViewController.swift */ = {isa = PBXFileReference; lastKnownFileType = sourcecode.swift; path = DetalleGastoViewController.swift; sourceTree = "<group>"; };
/* End PBXFileReference section */

/* Begin PBXFrameworksBuildPhase section */
		EF259D582472427F006F094A /* Frameworks */ = {
			isa = PBXFrameworksBuildPhase;
			buildActionMask = 2147483647;
			files = (
			);
			runOnlyForDeploymentPostprocessing = 0;
		};
/* End PBXFrameworksBuildPhase section */

/* Begin PBXGroup section */
		EF259D522472427F006F094A = {
			isa = PBXGroup;
			children = (
				EF259D5D2472427F006F094A /* ControlDinero */,
				EF259D5C2472427F006F094A /* Products */,
			);
			sourceTree = "<group>";
		};
		EF259D5C2472427F006F094A /* Products */ = {
			isa = PBXGroup;
			children = (
				EF259D5B2472427F006F094A /* ControlDinero.app */,
			);
			name = Products;
			sourceTree = "<group>";
		};
		EF259D5D2472427F006F094A /* ControlDinero */ = {
			isa = PBXGroup;
			children = (
				EF259D5E2472427F006F094A /* AppDelegate.swift */,
				EF314561247336FA0043B00D /* View */,
				EF3145622473370E0043B00D /* Controller */,
				EF314563247337240043B00D /* Model */,
				EF3145642473372B0043B00D /* Util */,
				EF259D722472430B006F094A /* Supporting Files */,
				EF259D602472427F006F094A /* SceneDelegate.swift */,
				EF259D6724724280006F094A /* Assets.xcassets */,
			);
			path = ControlDinero;
			sourceTree = "<group>";
		};
		EF259D722472430B006F094A /* Supporting Files */ = {
			isa = PBXGroup;
			children = (
				EF259D6C24724280006F094A /* Info.plist */,
			);
			path = "Supporting Files";
			sourceTree = "<group>";
		};
		EF314561247336FA0043B00D /* View */ = {
			isa = PBXGroup;
			children = (
				EF314565247337AB0043B00D /* Launch */,
				EF314566247337B50043B00D /* Home */,
			);
			path = View;
			sourceTree = "<group>";
		};
		EF3145622473370E0043B00D /* Controller */ = {
			isa = PBXGroup;
			children = (
				EF314567247338240043B00D /* Home */,
			);
			path = Controller;
			sourceTree = "<group>";
		};
		EF314563247337240043B00D /* Model */ = {
			isa = PBXGroup;
			children = (
				EF5C6BF6247A3186004E293A /* Ingreso.swift */,
				EF5C6BF8247A3190004E293A /* Egreso.swift */,
				EF5C6BFA247A31A5004E293A /* Total.swift */,
				EF5C6BFC247A34D0004E293A /* Model.swift */,
			);
			path = Model;
			sourceTree = "<group>";
		};
		EF3145642473372B0043B00D /* Util */ = {
			isa = PBXGroup;
			children = (
				EF126CC124733DF600177691 /* UIButtonExtension.swift */,
				EF438366247B2D5E0035AF11 /* Functions.swift */,
				EF08226D2484976F003BA2B3 /* FocusLabelWhileKeyboard.swift */,
			);
			path = Util;
			sourceTree = "<group>";
		};
		EF314565247337AB0043B00D /* Launch */ = {
			isa = PBXGroup;
			children = (
				EF259D6924724280006F094A /* LaunchScreen.storyboard */,
			);
			path = Launch;
			sourceTree = "<group>";
		};
		EF314566247337B50043B00D /* Home */ = {
			isa = PBXGroup;
			children = (
				EF259D642472427F006F094A /* Main.storyboard */,
			);
			path = Home;
			sourceTree = "<group>";
		};
		EF314567247338240043B00D /* Home */ = {
			isa = PBXGroup;
			children = (
				EF259D622472427F006F094A /* ViewController.swift */,
				EF126CC32473700C00177691 /* QuincenasViewController.swift */,
				EF126CC52473701B00177691 /* GastosViewController.swift */,
				EFE4D74C247494ED0042C9DC /* NuevoGastoViewController.swift */,
				EFE4D74E247495030042C9DC /* NuevaQuincenaViewController.swift */,
				EFE4D7502474CBF30042C9DC /* DetalleQuincenaViewController.swift */,
				EFE4D7522474D7E90042C9DC /* DetalleGastoViewController.swift */,
			);
			path = Home;
			sourceTree = "<group>";
		};
/* End PBXGroup section */

/* Begin PBXNativeTarget section */
		EF259D5A2472427F006F094A /* ControlDinero */ = {
			isa = PBXNativeTarget;
			buildConfigurationList = EF259D6F24724280006F094A /* Build configuration list for PBXNativeTarget "ControlDinero" */;
			buildPhases = (
				EF259D572472427F006F094A /* Sources */,
				EF259D582472427F006F094A /* Frameworks */,
				EF259D592472427F006F094A /* Resources */,
			);
			buildRules = (
			);
			dependencies = (
			);
			name = ControlDinero;
			productName = ControlDinero;
			productReference = EF259D5B2472427F006F094A /* ControlDinero.app */;
			productType = "com.apple.product-type.application";
		};
/* End PBXNativeTarget section */

/* Begin PBXProject section */
		EF259D532472427F006F094A /* Project object */ = {
			isa = PBXProject;
			attributes = {
				LastSwiftUpdateCheck = 1140;
				LastUpgradeCheck = 1140;
				ORGANIZATIONNAME = "Tony Vazgar";
				TargetAttributes = {
					EF259D5A2472427F006F094A = {
						CreatedOnToolsVersion = 11.4.1;
					};
				};
			};
			buildConfigurationList = EF259D562472427F006F094A /* Build configuration list for PBXProject "ControlDinero" */;
			compatibilityVersion = "Xcode 9.3";
			developmentRegion = en;
			hasScannedForEncodings = 0;
			knownRegions = (
				en,
				Base,
			);
			mainGroup = EF259D522472427F006F094A;
			productRefGroup = EF259D5C2472427F006F094A /* Products */;
			projectDirPath = "";
			projectRoot = "";
			targets = (
				EF259D5A2472427F006F094A /* ControlDinero */,
			);
		};
/* End PBXProject section */

/* Begin PBXResourcesBuildPhase section */
		EF259D592472427F006F094A /* Resources */ = {
			isa = PBXResourcesBuildPhase;
			buildActionMask = 2147483647;
			files = (
				EF259D6B24724280006F094A /* LaunchScreen.storyboard in Resources */,
				EF259D6824724280006F094A /* Assets.xcassets in Resources */,
				EF259D662472427F006F094A /* Main.storyboard in Resources */,
			);
			runOnlyForDeploymentPostprocessing = 0;
		};
/* End PBXResourcesBuildPhase section */

/* Begin PBXSourcesBuildPhase section */
		EF259D572472427F006F094A /* Sources */ = {
			isa = PBXSourcesBuildPhase;
			buildActionMask = 2147483647;
			files = (
				EF5C6BF9247A3190004E293A /* Egreso.swift in Sources */,
				EFE4D74D247494ED0042C9DC /* NuevoGastoViewController.swift in Sources */,
				EF08226E2484976F003BA2B3 /* FocusLabelWhileKeyboard.swift in Sources */,
				EFE4D7512474CBF30042C9DC /* DetalleQuincenaViewController.swift in Sources */,
				EF5C6BF7247A3186004E293A /* Ingreso.swift in Sources */,
				EF5C6BFB247A31A5004E293A /* Total.swift in Sources */,
				EF259D632472427F006F094A /* ViewController.swift in Sources */,
				EFE4D74F247495030042C9DC /* NuevaQuincenaViewController.swift in Sources */,
				EF5C6BFD247A34D0004E293A /* Model.swift in Sources */,
				EF438367247B2D5E0035AF11 /* Functions.swift in Sources */,
				EFE4D7532474D7E90042C9DC /* DetalleGastoViewController.swift in Sources */,
				EF126CC62473701B00177691 /* GastosViewController.swift in Sources */,
				EF126CC224733DF600177691 /* UIButtonExtension.swift in Sources */,
				EF259D5F2472427F006F094A /* AppDelegate.swift in Sources */,
				EF259D612472427F006F094A /* SceneDelegate.swift in Sources */,
				EF126CC42473700C00177691 /* QuincenasViewController.swift in Sources */,
			);
			runOnlyForDeploymentPostprocessing = 0;
		};
/* End PBXSourcesBuildPhase section */

/* Begin PBXVariantGroup section */
		EF259D642472427F006F094A /* Main.storyboard */ = {
			isa = PBXVariantGroup;
			children = (
				EF259D652472427F006F094A /* Base */,
			);
			name = Main.storyboard;
			sourceTree = "<group>";
		};
		EF259D6924724280006F094A /* LaunchScreen.storyboard */ = {
			isa = PBXVariantGroup;
			children = (
				EF259D6A24724280006F094A /* Base */,
			);
			name = LaunchScreen.storyboard;
			sourceTree = "<group>";
		};
/* End PBXVariantGroup section */

/* Begin XCBuildConfiguration section */
		EF259D6D24724280006F094A /* Debug */ = {
			isa = XCBuildConfiguration;
			buildSettings = {
				ALWAYS_SEARCH_USER_PATHS = NO;
				CLANG_ANALYZER_NONNULL = YES;
				CLANG_ANALYZER_NUMBER_OBJECT_CONVERSION = YES_AGGRESSIVE;
				CLANG_CXX_LANGUAGE_STANDARD = "gnu++14";
				CLANG_CXX_LIBRARY = "libc++";
				CLANG_ENABLE_MODULES = YES;
				CLANG_ENABLE_OBJC_ARC = YES;
				CLANG_ENABLE_OBJC_WEAK = YES;
				CLANG_WARN_BLOCK_CAPTURE_AUTORELEASING = YES;
				CLANG_WARN_BOOL_CONVERSION = YES;
				CLANG_WARN_COMMA = YES;
				CLANG_WARN_CONSTANT_CONVERSION = YES;
				CLANG_WARN_DEPRECATED_OBJC_IMPLEMENTATIONS = YES;
				CLANG_WARN_DIRECT_OBJC_ISA_USAGE = YES_ERROR;
				CLANG_WARN_DOCUMENTATION_COMMENTS = YES;
				CLANG_WARN_EMPTY_BODY = YES;
				CLANG_WARN_ENUM_CONVERSION = YES;
				CLANG_WARN_INFINITE_RECURSION = YES;
				CLANG_WARN_INT_CONVERSION = YES;
				CLANG_WARN_NON_LITERAL_NULL_CONVERSION = YES;
				CLANG_WARN_OBJC_IMPLICIT_RETAIN_SELF = YES;
				CLANG_WARN_OBJC_LITERAL_CONVERSION = YES;
				CLANG_WARN_OBJC_ROOT_CLASS = YES_ERROR;
				CLANG_WARN_RANGE_LOOP_ANALYSIS = YES;
				CLANG_WARN_STRICT_PROTOTYPES = YES;
				CLANG_WARN_SUSPICIOUS_MOVE = YES;
				CLANG_WARN_UNGUARDED_AVAILABILITY = YES_AGGRESSIVE;
				CLANG_WARN_UNREACHABLE_CODE = YES;
				CLANG_WARN__DUPLICATE_METHOD_MATCH = YES;
				COPY_PHASE_STRIP = NO;
				DEBUG_INFORMATION_FORMAT = dwarf;
				ENABLE_STRICT_OBJC_MSGSEND = YES;
				ENABLE_TESTABILITY = YES;
				GCC_C_LANGUAGE_STANDARD = gnu11;
				GCC_DYNAMIC_NO_PIC = NO;
				GCC_NO_COMMON_BLOCKS = YES;
				GCC_OPTIMIZATION_LEVEL = 0;
				GCC_PREPROCESSOR_DEFINITIONS = (
					"DEBUG=1",
					"$(inherited)",
				);
				GCC_WARN_64_TO_32_BIT_CONVERSION = YES;
				GCC_WARN_ABOUT_RETURN_TYPE = YES_ERROR;
				GCC_WARN_UNDECLARED_SELECTOR = YES;
				GCC_WARN_UNINITIALIZED_AUTOS = YES_AGGRESSIVE;
				GCC_WARN_UNUSED_FUNCTION = YES;
				GCC_WARN_UNUSED_VARIABLE = YES;
				IPHONEOS_DEPLOYMENT_TARGET = 13.4;
				MTL_ENABLE_DEBUG_INFO = INCLUDE_SOURCE;
				MTL_FAST_MATH = YES;
				ONLY_ACTIVE_ARCH = YES;
				SDKROOT = iphoneos;
				SWIFT_ACTIVE_COMPILATION_CONDITIONS = DEBUG;
				SWIFT_OPTIMIZATION_LEVEL = "-Onone";
			};
			name = Debug;
		};
		EF259D6E24724280006F094A /* Release */ = {
			isa = XCBuildConfiguration;
			buildSettings = {
				ALWAYS_SEARCH_USER_PATHS = NO;
				CLANG_ANALYZER_NONNULL = YES;
				CLANG_ANALYZER_NUMBER_OBJECT_CONVERSION = YES_AGGRESSIVE;
				CLANG_CXX_LANGUAGE_STANDARD = "gnu++14";
				CLANG_CXX_LIBRARY = "libc++";
				CLANG_ENABLE_MODULES = YES;
				CLANG_ENABLE_OBJC_ARC = YES;
				CLANG_ENABLE_OBJC_WEAK = YES;
				CLANG_WARN_BLOCK_CAPTURE_AUTORELEASING = YES;
				CLANG_WARN_BOOL_CONVERSION = YES;
				CLANG_WARN_COMMA = YES;
				CLANG_WARN_CONSTANT_CONVERSION = YES;
				CLANG_WARN_DEPRECATED_OBJC_IMPLEMENTATIONS = YES;
				CLANG_WARN_DIRECT_OBJC_ISA_USAGE = YES_ERROR;
				CLANG_WARN_DOCUMENTATION_COMMENTS = YES;
				CLANG_WARN_EMPTY_BODY = YES;
				CLANG_WARN_ENUM_CONVERSION = YES;
				CLANG_WARN_INFINITE_RECURSION = YES;
				CLANG_WARN_INT_CONVERSION = YES;
				CLANG_WARN_NON_LITERAL_NULL_CONVERSION = YES;
				CLANG_WARN_OBJC_IMPLICIT_RETAIN_SELF = YES;
				CLANG_WARN_OBJC_LITERAL_CONVERSION = YES;
				CLANG_WARN_OBJC_ROOT_CLASS = YES_ERROR;
				CLANG_WARN_RANGE_LOOP_ANALYSIS = YES;
				CLANG_WARN_STRICT_PROTOTYPES = YES;
				CLANG_WARN_SUSPICIOUS_MOVE = YES;
				CLANG_WARN_UNGUARDED_AVAILABILITY = YES_AGGRESSIVE;
				CLANG_WARN_UNREACHABLE_CODE = YES;
				CLANG_WARN__DUPLICATE_METHOD_MATCH = YES;
				COPY_PHASE_STRIP = NO;
				DEBUG_INFORMATION_FORMAT = "dwarf-with-dsym";
				ENABLE_NS_ASSERTIONS = NO;
				ENABLE_STRICT_OBJC_MSGSEND = YES;
				GCC_C_LANGUAGE_STANDARD = gnu11;
				GCC_NO_COMMON_BLOCKS = YES;
				GCC_WARN_64_TO_32_BIT_CONVERSION = YES;
				GCC_WARN_ABOUT_RETURN_TYPE = YES_ERROR;
				GCC_WARN_UNDECLARED_SELECTOR = YES;
				GCC_WARN_UNINITIALIZED_AUTOS = YES_AGGRESSIVE;
				GCC_WARN_UNUSED_FUNCTION = YES;
				GCC_WARN_UNUSED_VARIABLE = YES;
				IPHONEOS_DEPLOYMENT_TARGET = 13.4;
				MTL_ENABLE_DEBUG_INFO = NO;
				MTL_FAST_MATH = YES;
				SDKROOT = iphoneos;
				SWIFT_COMPILATION_MODE = wholemodule;
				SWIFT_OPTIMIZATION_LEVEL = "-O";
				VALIDATE_PRODUCT = YES;
			};
			name = Release;
		};
		EF259D7024724280006F094A /* Debug */ = {
			isa = XCBuildConfiguration;
			buildSettings = {
				ASSETCATALOG_COMPILER_APPICON_NAME = AppIcon;
				CODE_SIGN_STYLE = Automatic;
				DEVELOPMENT_TEAM = UC654Y56KK;
				INFOPLIST_FILE = "ControlDinero/Supporting Files/Info.plist";
				IPHONEOS_DEPLOYMENT_TARGET = 13.0;
				LD_RUNPATH_SEARCH_PATHS = (
					"$(inherited)",
					"@executable_path/Frameworks",
				);
				PRODUCT_BUNDLE_IDENTIFIER = com.ControlDinero;
				PRODUCT_NAME = "$(TARGET_NAME)";
				SWIFT_VERSION = 5.0;
				TARGETED_DEVICE_FAMILY = "1,2";
			};
			name = Debug;
		};
		EF259D7124724280006F094A /* Release */ = {
			isa = XCBuildConfiguration;
			buildSettings = {
				ASSETCATALOG_COMPILER_APPICON_NAME = AppIcon;
				CODE_SIGN_STYLE = Automatic;
				DEVELOPMENT_TEAM = UC654Y56KK;
				INFOPLIST_FILE = "ControlDinero/Supporting Files/Info.plist";
				IPHONEOS_DEPLOYMENT_TARGET = 13.0;
				LD_RUNPATH_SEARCH_PATHS = (
					"$(inherited)",
					"@executable_path/Frameworks",
				);
				PRODUCT_BUNDLE_IDENTIFIER = com.ControlDinero;
				PRODUCT_NAME = "$(TARGET_NAME)";
				SWIFT_VERSION = 5.0;
				TARGETED_DEVICE_FAMILY = "1,2";
			};
			name = Release;
		};
/* End XCBuildConfiguration section */

/* Begin XCConfigurationList section */
		EF259D562472427F006F094A /* Build configuration list for PBXProject "ControlDinero" */ = {
			isa = XCConfigurationList;
			buildConfigurations = (
				EF259D6D24724280006F094A /* Debug */,
				EF259D6E24724280006F094A /* Release */,
			);
			defaultConfigurationIsVisible = 0;
			defaultConfigurationName = Release;
		};
		EF259D6F24724280006F094A /* Build configuration list for PBXNativeTarget "ControlDinero" */ = {
			isa = XCConfigurationList;
			buildConfigurations = (
				EF259D7024724280006F094A /* Debug */,
				EF259D7124724280006F094A /* Release */,
			);
			defaultConfigurationIsVisible = 0;
			defaultConfigurationName = Release;
		};
/* End XCConfigurationList section */
	};
	rootObject = EF259D532472427F006F094A /* Project object */;
}
