PODS:
  - Device (3.2.1)
  - WhatsNewKit (1.3.3)

DEPENDENCIES:
  - Device (~> 3.2.1)
  - WhatsNewKit

SPEC REPOS:
  trunk:
    - Device
    - WhatsNewKit

SPEC CHECKSUMS:
  Device: 0738862dd8a30856b4bd9e21cb9b728873d21392
  WhatsNewKit: 3cbe30a202cc387086a977deba52af50f61c656f

PODFILE CHECKSUM: 848ea64a0f4161b52fd378defb4198299136ae10

COCOAPODS: 1.9.3
